
Microsoft Visual Studio Solution File, Format Version 12.00
# Visual Studio Version 17
VisualStudioVersion = 17.7.34221.43
MinimumVisualStudioVersion = 10.0.40219.1
Project("{FAE04EC0-301F-11D3-BF4B-00C04F79EFBC}") = "QomfortHotelFinal", "QomfortHotelFinal\QomfortHotelFinal.csproj", "{DDE1EDF8-3A33-4162-8659-0B7355C943EA}"
EndProject
Global
	GlobalSection(SolutionConfigurationPlatforms) = preSolution
		Debug|Any CPU = Debug|Any CPU
		Release|Any CPU = Release|Any CPU
	EndGlobalSection
	GlobalSection(ProjectConfigurationPlatforms) = postSolution
		{DDE1EDF8-3A33-4162-8659-0B7355C943EA}.Debug|Any CPU.ActiveCfg = Debug|Any CPU
		{DDE1EDF8-3A33-4162-8659-0B7355C943EA}.Debug|Any CPU.Build.0 = Debug|Any CPU
		{DDE1EDF8-3A33-4162-8659-0B7355C943EA}.Release|Any CPU.ActiveCfg = Release|Any CPU
		{DDE1EDF8-3A33-4162-8659-0B7355C943EA}.Release|Any CPU.Build.0 = Release|Any CPU
	EndGlobalSection
	GlobalSection(SolutionProperties) = preSolution
		HideSolutionNode = FALSE
	EndGlobalSection
	GlobalSection(ExtensibilityGlobals) = postSolution
		SolutionGuid = {692AA788-0F72-4BD5-A448-7A507A9078F2}
	EndGlobalSection
EndGlobal
